Microsoft Visual Studio Solution File, Format Version 12.00
# Visual Studio Version 17
VisualStudioVersion = 17.5.2.0
MinimumVisualStudioVersion = 10.0.40219.1
Project("{FAE04EC0-301F-11D3-BF4B-00C04F79EFBC}") = "MyWallet.API", "MyWallet.API.csproj", "{CEA1EF3E-50B9-7437-7BDA-7D355BC648B0}"
EndProject
Global
	GlobalSection(SolutionConfigurationPlatforms) = preSolution
		Debug|Any CPU = Debug|Any CPU
		Release|Any CPU = Release|Any CPU
	EndGlobalSection
	GlobalSection(ProjectConfigurationPlatforms) = postSolution
		{CEA1EF3E-50B9-7437-7BDA-7D355BC648B0}.Debug|Any CPU.ActiveCfg = Debug|Any CPU
		{CEA1EF3E-50B9-7437-7BDA-7D355BC648B0}.Debug|Any CPU.Build.0 = Debug|Any CPU
		{CEA1EF3E-50B9-7437-7BDA-7D355BC648B0}.Release|Any CPU.ActiveCfg = Release|Any CPU
		{CEA1EF3E-50B9-7437-7BDA-7D355BC648B0}.Release|Any CPU.Build.0 = Release|Any CPU
	EndGlobalSection
	GlobalSection(SolutionProperties) = preSolution
		HideSolutionNode = FALSE
	EndGlobalSection
	GlobalSection(ExtensibilityGlobals) = postSolution
		SolutionGuid = {BDCAF096-CF66-49ED-B42C-BE1F20EA1F9E}
	EndGlobalSection
EndGlobal
